
Microsoft Visual Studio Solution File, Format Version 12.00
# Visual Studio Version 17
VisualStudioVersion = 17.3.32929.385
MinimumVisualStudioVersion = 10.0.40219.1
Project("{9A19103F-16F7-4668-BE54-9A1E7A4F7556}") = "SipLibUnitTests", "SipLibUnitTests.csproj", "{FF49AA28-9147-4404-9D46-F17EB74C5D1C}"
EndProject
Project("{9A19103F-16F7-4668-BE54-9A1E7A4F7556}") = "SipLib", "..\..\ClassLibrary\SipLib.csproj", "{F4736E72-2761-4B4E-B575-2BF91C6DFB4A}"
EndProject
Global
	GlobalSection(SolutionConfigurationPlatforms) = preSolution
		Debug|Any CPU = Debug|Any CPU
		Release|Any CPU = Release|Any CPU
	EndGlobalSection
	GlobalSection(ProjectConfigurationPlatforms) = postSolution
		{FF49AA28-9147-4404-9D46-F17EB74C5D1C}.Debug|Any CPU.ActiveCfg = Debug|Any CPU
		{FF49AA28-9147-4404-9D46-F17EB74C5D1C}.Debug|Any CPU.Build.0 = Debug|Any CPU
		{FF49AA28-9147-4404-9D46-F17EB74C5D1C}.Release|Any CPU.ActiveCfg = Release|Any CPU
		{FF49AA28-9147-4404-9D46-F17EB74C5D1C}.Release|Any CPU.Build.0 = Release|Any CPU
		{F4736E72-2761-4B4E-B575-2BF91C6DFB4A}.Debug|Any CPU.ActiveCfg = Debug|Any CPU
		{F4736E72-2761-4B4E-B575-2BF91C6DFB4A}.Debug|Any CPU.Build.0 = Debug|Any CPU
		{F4736E72-2761-4B4E-B575-2BF91C6DFB4A}.Release|Any CPU.ActiveCfg = Release|Any CPU
		{F4736E72-2761-4B4E-B575-2BF91C6DFB4A}.Release|Any CPU.Build.0 = Release|Any CPU
	EndGlobalSection
	GlobalSection(SolutionProperties) = preSolution
		HideSolutionNode = FALSE
	EndGlobalSection
	GlobalSection(ExtensibilityGlobals) = postSolution
		SolutionGuid = {37B10938-1D31-4297-A0FB-1D062F6FEFEB}
	EndGlobalSection
EndGlobal
