
Microsoft Visual Studio Solution File, Format Version 12.00
# Visual Studio Version 17
VisualStudioVersion = 17.13.35825.156
MinimumVisualStudioVersion = 10.0.40219.1
Project("{FAE04EC0-301F-11D3-BF4B-00C04F79EFBC}") = "TestAmrWbEncoder", "TestAmrWbEncoder.csproj", "{B115F1A2-56CF-4D8B-96FF-55ACD0120AAC}"
EndProject
Global
	GlobalSection(SolutionConfigurationPlatforms) = preSolution
		Debug|Any CPU = Debug|Any CPU
		Release|Any CPU = Release|Any CPU
	EndGlobalSection
	GlobalSection(ProjectConfigurationPlatforms) = postSolution
		{B115F1A2-56CF-4D8B-96FF-55ACD0120AAC}.Debug|Any CPU.ActiveCfg = Debug|Any CPU
		{B115F1A2-56CF-4D8B-96FF-55ACD0120AAC}.Debug|Any CPU.Build.0 = Debug|Any CPU
		{B115F1A2-56CF-4D8B-96FF-55ACD0120AAC}.Release|Any CPU.ActiveCfg = Release|Any CPU
		{B115F1A2-56CF-4D8B-96FF-55ACD0120AAC}.Release|Any CPU.Build.0 = Release|Any CPU
	EndGlobalSection
	GlobalSection(SolutionProperties) = preSolution
		HideSolutionNode = FALSE
	EndGlobalSection
	GlobalSection(ExtensibilityGlobals) = postSolution
		SolutionGuid = {3C916AE3-212E-4146-BE03-F0B095A5B2A0}
	EndGlobalSection
EndGlobal
